<?xml version="1.0" encoding="utf-8"?>
<Project ToolsVersion="4.0" xmlns="http://schemas.microsoft.com/developer/msbuild/2003">
  <ItemGroup>
    <Filter Include="Endeavor">
      <UniqueIdentifier>{D984962D-C551-F138-EE6A-DFE0DA9626C7}</UniqueIdentifier>
    </Filter>
    <Filter Include="Endeavor\Events">
      <UniqueIdentifier>{9D22DD49-09AE-4A0E-12BF-CD027EC9A60E}</UniqueIdentifier>
    </Filter>
  </ItemGroup>
  <ItemGroup>
    <ClInclude Include="src\Endeavor.h" />
    <ClInclude Include="src\Endeavor\Application.h">
      <Filter>Endeavor</Filter>
    </ClInclude>
    <ClInclude Include="src\Endeavor\Core.h">
      <Filter>Endeavor</Filter>
    </ClInclude>
    <ClInclude Include="src\Endeavor\EntryPoint.h">
      <Filter>Endeavor</Filter>
    </ClInclude>
    <ClInclude Include="src\Endeavor\Events\ApplicationEvent.h">
      <Filter>Endeavor\Events</Filter>
    </ClInclude>
    <ClInclude Include="src\Endeavor\Events\Event.h">
      <Filter>Endeavor\Events</Filter>
    </ClInclude>
    <ClInclude Include="src\Endeavor\Events\KeyEvent.h">
      <Filter>Endeavor\Events</Filter>
    </ClInclude>
    <ClInclude Include="src\Endeavor\Events\MouseEvent.h">
      <Filter>Endeavor\Events</Filter>
    </ClInclude>
    <ClInclude Include="src\Endeavor\Log.h">
      <Filter>Endeavor</Filter>
    </ClInclude>
  </ItemGroup>
  <ItemGroup>
    <ClCompile Include="src\Endeavor\Application.cpp">
      <Filter>Endeavor</Filter>
    </ClCompile>
    <ClCompile Include="src\Endeavor\Log.cpp">
      <Filter>Endeavor</Filter>
    </ClCompile>
  </ItemGroup>
</Project>