<?xml version="1.0" encoding="utf-8"?>
<Project ToolsVersion="4.0" xmlns="http://schemas.microsoft.com/developer/msbuild/2003">
  <ItemGroup>
    <Filter Include="Endeavor">
      <UniqueIdentifier>{D984962D-C551-F138-EE6A-DFE0DA9626C7}</UniqueIdentifier>
    </Filter>
    <Filter Include="Endeavor\Events">
      <UniqueIdentifier>{9D22DD49-09AE-4A0E-12BF-CD027EC9A60E}</UniqueIdentifier>
    </Filter>
    <Filter Include="Endeavor\ImGui">
      <UniqueIdentifier>{C3788F40-AF46-8346-98DA-F36C84475FAB}</UniqueIdentifier>
    </Filter>
    <Filter Include="Platform">
      <UniqueIdentifier>{2AC788B4-1694-E3BF-3FAD-D1672BD9184E}</UniqueIdentifier>
    </Filter>
    <Filter Include="Platform\OpenGL">
      <UniqueIdentifier>{1E7D2C1D-8A08-9AE1-9319-1DD6FF23F6E1}</UniqueIdentifier>
    </Filter>
    <Filter Include="Platform\Windows">
      <UniqueIdentifier>{64FBD71A-50F4-F66C-7926-DCF1657ED678}</UniqueIdentifier>
    </Filter>
  </ItemGroup>
  <ItemGroup>
    <ClInclude Include="src\Endeavor.h" />
    <ClInclude Include="src\Endeavor\Application.h">
      <Filter>Endeavor</Filter>
    </ClInclude>
    <ClInclude Include="src\Endeavor\Core.h">
      <Filter>Endeavor</Filter>
    </ClInclude>
    <ClInclude Include="src\Endeavor\EntryPoint.h">
      <Filter>Endeavor</Filter>
    </ClInclude>
    <ClInclude Include="src\Endeavor\Events\ApplicationEvent.h">
      <Filter>Endeavor\Events</Filter>
    </ClInclude>
    <ClInclude Include="src\Endeavor\Events\Event.h">
      <Filter>Endeavor\Events</Filter>
    </ClInclude>
    <ClInclude Include="src\Endeavor\Events\KeyEvent.h">
      <Filter>Endeavor\Events</Filter>
    </ClInclude>
    <ClInclude Include="src\Endeavor\Events\MouseEvent.h">
      <Filter>Endeavor\Events</Filter>
    </ClInclude>
    <ClInclude Include="src\Endeavor\ImGui\ImGuiLayer.h">
      <Filter>Endeavor\ImGui</Filter>
    </ClInclude>
    <ClInclude Include="src\Endeavor\Input.h">
      <Filter>Endeavor</Filter>
    </ClInclude>
    <ClInclude Include="src\Endeavor\Layer.h">
      <Filter>Endeavor</Filter>
    </ClInclude>
    <ClInclude Include="src\Endeavor\LayerStack.h">
      <Filter>Endeavor</Filter>
    </ClInclude>
    <ClInclude Include="src\Endeavor\Log.h">
      <Filter>Endeavor</Filter>
    </ClInclude>
    <ClInclude Include="src\Endeavor\Window.h">
      <Filter>Endeavor</Filter>
    </ClInclude>
    <ClInclude Include="src\Platform\OpenGL\ImGuiOpenGLRenderer.h">
      <Filter>Platform\OpenGL</Filter>
    </ClInclude>
    <ClInclude Include="src\Platform\OpenGL\imgui_impl_opengl3_loader.h">
      <Filter>Platform\OpenGL</Filter>
    </ClInclude>
    <ClInclude Include="src\Platform\Windows\WindowsInput.h">
      <Filter>Platform\Windows</Filter>
    </ClInclude>
    <ClInclude Include="src\Platform\Windows\WindowsWindow.h">
      <Filter>Platform\Windows</Filter>
    </ClInclude>
    <ClInclude Include="src\edpch.h" />
    <ClInclude Include="src\Endeavor\KeyCodes.h" />
    <ClInclude Include="src\Endeavor\MouseButtonCodes.h" />
  </ItemGroup>
  <ItemGroup>
    <ClCompile Include="src\Endeavor\Application.cpp">
      <Filter>Endeavor</Filter>
    </ClCompile>
    <ClCompile Include="src\Endeavor\ImGui\ImGuiLayer.cpp">
      <Filter>Endeavor\ImGui</Filter>
    </ClCompile>
    <ClCompile Include="src\Endeavor\Layer.cpp">
      <Filter>Endeavor</Filter>
    </ClCompile>
    <ClCompile Include="src\Endeavor\LayerStack.cpp">
      <Filter>Endeavor</Filter>
    </ClCompile>
    <ClCompile Include="src\Endeavor\Log.cpp">
      <Filter>Endeavor</Filter>
    </ClCompile>
    <ClCompile Include="src\Platform\OpenGL\ImGuiOpenGLRenderer.cpp">
      <Filter>Platform\OpenGL</Filter>
    </ClCompile>
    <ClCompile Include="src\Platform\Windows\WindowsInput.cpp">
      <Filter>Platform\Windows</Filter>
    </ClCompile>
    <ClCompile Include="src\Platform\Windows\WindowsWindow.cpp">
      <Filter>Platform\Windows</Filter>
    </ClCompile>
    <ClCompile Include="src\edpch.cpp" />
  </ItemGroup>
</Project>